
Microsoft Visual Studio Solution File, Format Version 12.00
# Visual Studio Version 17
VisualStudioVersion = 17.9.34616.47
MinimumVisualStudioVersion = 10.0.40219.1
Project("{FAE04EC0-301F-11D3-BF4B-00C04F79EFBC}") = "US.TechTalk.AWS.API", "US.TechTalk.AWS.API\US.TechTalk.AWS.API.csproj", "{8DB2D4C4-9153-4F8D-9B02-0132F98ED355}"
EndProject
Global
	GlobalSection(SolutionConfigurationPlatforms) = preSolution
		Debug|Any CPU = Debug|Any CPU
		Release|Any CPU = Release|Any CPU
	EndGlobalSection
	GlobalSection(ProjectConfigurationPlatforms) = postSolution
		{8DB2D4C4-9153-4F8D-9B02-0132F98ED355}.Debug|Any CPU.ActiveCfg = Debug|Any CPU
		{8DB2D4C4-9153-4F8D-9B02-0132F98ED355}.Debug|Any CPU.Build.0 = Debug|Any CPU
		{8DB2D4C4-9153-4F8D-9B02-0132F98ED355}.Release|Any CPU.ActiveCfg = Release|Any CPU
		{8DB2D4C4-9153-4F8D-9B02-0132F98ED355}.Release|Any CPU.Build.0 = Release|Any CPU
	EndGlobalSection
	GlobalSection(SolutionProperties) = preSolution
		HideSolutionNode = FALSE
	EndGlobalSection
	GlobalSection(ExtensibilityGlobals) = postSolution
		SolutionGuid = {ED7C9231-D856-4F6C-A90C-CFCE282D5B1E}
	EndGlobalSection
EndGlobal
